
Microsoft Visual Studio Solution File, Format Version 12.00
# Visual Studio Version 16
VisualStudioVersion = 16.0.30804.86
MinimumVisualStudioVersion = 10.0.40219.1
Project("{8BC9CEB8-8B4A-11D0-8D11-00A0C91BC942}") = "DenemeRepo", "DenemeRepo\DenemeRepo.vcxproj", "{3925F711-2F8B-463D-9B53-4567E577FAFE}"
EndProject
Global
	GlobalSection(SolutionConfigurationPlatforms) = preSolution
		Debug|x64 = Debug|x64
		Debug|x86 = Debug|x86
		Release|x64 = Release|x64
		Release|x86 = Release|x86
	EndGlobalSection
	GlobalSection(ProjectConfigurationPlatforms) = postSolution
		{3925F711-2F8B-463D-9B53-4567E577FAFE}.Debug|x64.ActiveCfg = Debug|x64
		{3925F711-2F8B-463D-9B53-4567E577FAFE}.Debug|x64.Build.0 = Debug|x64
		{3925F711-2F8B-463D-9B53-4567E577FAFE}.Debug|x86.ActiveCfg = Debug|Win32
		{3925F711-2F8B-463D-9B53-4567E577FAFE}.Debug|x86.Build.0 = Debug|Win32
		{3925F711-2F8B-463D-9B53-4567E577FAFE}.Release|x64.ActiveCfg = Release|x64
		{3925F711-2F8B-463D-9B53-4567E577FAFE}.Release|x64.Build.0 = Release|x64
		{3925F711-2F8B-463D-9B53-4567E577FAFE}.Release|x86.ActiveCfg = Release|Win32
		{3925F711-2F8B-463D-9B53-4567E577FAFE}.Release|x86.Build.0 = Release|Win32
	EndGlobalSection
	GlobalSection(SolutionProperties) = preSolution
		HideSolutionNode = FALSE
	EndGlobalSection
	GlobalSection(ExtensibilityGlobals) = postSolution
		SolutionGuid = {691F2E5B-EB12-4CBC-86F5-CA44B56C8095}
	EndGlobalSection
EndGlobal
